// !$*UTF8*$!
{
	archiveVersion = 1;
	classes = {
	};
	objectVersion = 50;
	objects = {

/* Begin PBXBuildFile section */
		B16D2FE225D15B790002A4A0 /* c2-1.c in Sources */ = {isa = PBXBuildFile; fileRef = B16D2FE125D15B790002A4A0 /* c2-1.c */; };
		B16D2FE625D7EB2D0002A4A0 /* c2-5.c in Sources */ = {isa = PBXBuildFile; fileRef = B16D2FE525D7EB2D0002A4A0 /* c2-5.c */; };
		B16D2FE925D7F0790002A4A0 /* c2-7.c in Sources */ = {isa = PBXBuildFile; fileRef = B16D2FE825D7F0790002A4A0 /* c2-7.c */; };
		B16D2FEC25D7F7D40002A4A0 /* c2-8.c in Sources */ = {isa = PBXBuildFile; fileRef = B16D2FEB25D7F7D40002A4A0 /* c2-8.c */; };
		B16D2FEF25D7FC8D0002A4A0 /* c2-q1.c in Sources */ = {isa = PBXBuildFile; fileRef = B16D2FEE25D7FC8D0002A4A0 /* c2-q1.c */; };
		B1DCA1CB25C8246E00090214 /* asd1.c in Sources */ = {isa = PBXBuildFile; fileRef = B1DCA1CA25C8246E00090214 /* asd1.c */; };
		B1F1A57625DAAAE400A745D2 /* c2-q8.c in Sources */ = {isa = PBXBuildFile; fileRef = B1F1A57525DAAAE400A745D2 /* c2-q8.c */; };
		B1F1A57925DAB98E00A745D2 /* c2-q9.c in Sources */ = {isa = PBXBuildFile; fileRef = B1F1A57825DAB98E00A745D2 /* c2-q9.c */; };
		B1F1A57C25DABE9700A745D2 /* c2-q10.c in Sources */ = {isa = PBXBuildFile; fileRef = B1F1A57B25DABE9700A745D2 /* c2-q10.c */; };
		B1F1A57F25DBF6FF00A745D2 /* c2-9.c in Sources */ = {isa = PBXBuildFile; fileRef = B1F1A57E25DBF6FF00A745D2 /* c2-9.c */; };
		B1F1A58225DC02AC00A745D2 /* c2-11.c in Sources */ = {isa = PBXBuildFile; fileRef = B1F1A58125DC02AC00A745D2 /* c2-11.c */; };
		B1F1A58525DC080E00A745D2 /* c2-12.c in Sources */ = {isa = PBXBuildFile; fileRef = B1F1A58425DC080E00A745D2 /* c2-12.c */; };
		B1F1A58825DC0D0000A745D2 /* c2-13.c in Sources */ = {isa = PBXBuildFile; fileRef = B1F1A58725DC0D0000A745D2 /* c2-13.c */; };
		B1F1A58B25DD591D00A745D2 /* c2-q13.c in Sources */ = {isa = PBXBuildFile; fileRef = B1F1A58A25DD591D00A745D2 /* c2-q13.c */; };
		B1F1A59125DEBEFA00A745D2 /* c3-1.c in Sources */ = {isa = PBXBuildFile; fileRef = B1F1A59025DEBEFA00A745D2 /* c3-1.c */; };
		B1F61F1A25C692060065BFDD /* main.c in Sources */ = {isa = PBXBuildFile; fileRef = B1F61F1925C692060065BFDD /* main.c */; };
/* End PBXBuildFile section */

/* Begin PBXCopyFilesBuildPhase section */
		B1F61F1425C692060065BFDD /* CopyFiles */ = {
			isa = PBXCopyFilesBuildPhase;
			buildActionMask = 2147483647;
			dstPath = /usr/share/man/man1/;
			dstSubfolderSpec = 0;
			files = (
			);
			runOnlyForDeploymentPostprocessing = 1;
		};
/* End PBXCopyFilesBuildPhase section */

/* Begin PBXFileReference section */
		B16D2FE125D15B790002A4A0 /* c2-1.c */ = {isa = PBXFileReference; lastKnownFileType = sourcecode.c.c; path = "c2-1.c"; sourceTree = "<group>"; };
		B16D2FE525D7EB2D0002A4A0 /* c2-5.c */ = {isa = PBXFileReference; lastKnownFileType = sourcecode.c.c; path = "c2-5.c"; sourceTree = "<group>"; };
		B16D2FE825D7F0790002A4A0 /* c2-7.c */ = {isa = PBXFileReference; lastKnownFileType = sourcecode.c.c; path = "c2-7.c"; sourceTree = "<group>"; };
		B16D2FEB25D7F7D40002A4A0 /* c2-8.c */ = {isa = PBXFileReference; lastKnownFileType = sourcecode.c.c; path = "c2-8.c"; sourceTree = "<group>"; };
		B16D2FEE25D7FC8D0002A4A0 /* c2-q1.c */ = {isa = PBXFileReference; lastKnownFileType = sourcecode.c.c; path = "c2-q1.c"; sourceTree = "<group>"; };
		B1DCA1CA25C8246E00090214 /* asd1.c */ = {isa = PBXFileReference; lastKnownFileType = sourcecode.c.c; path = asd1.c; sourceTree = "<group>"; };
		B1F1A57525DAAAE400A745D2 /* c2-q8.c */ = {isa = PBXFileReference; lastKnownFileType = sourcecode.c.c; path = "c2-q8.c"; sourceTree = "<group>"; };
		B1F1A57825DAB98E00A745D2 /* c2-q9.c */ = {isa = PBXFileReference; lastKnownFileType = sourcecode.c.c; path = "c2-q9.c"; sourceTree = "<group>"; };
		B1F1A57B25DABE9700A745D2 /* c2-q10.c */ = {isa = PBXFileReference; lastKnownFileType = sourcecode.c.c; path = "c2-q10.c"; sourceTree = "<group>"; };
		B1F1A57E25DBF6FF00A745D2 /* c2-9.c */ = {isa = PBXFileReference; lastKnownFileType = sourcecode.c.c; path = "c2-9.c"; sourceTree = "<group>"; };
		B1F1A58125DC02AC00A745D2 /* c2-11.c */ = {isa = PBXFileReference; lastKnownFileType = sourcecode.c.c; path = "c2-11.c"; sourceTree = "<group>"; };
		B1F1A58425DC080E00A745D2 /* c2-12.c */ = {isa = PBXFileReference; lastKnownFileType = sourcecode.c.c; path = "c2-12.c"; sourceTree = "<group>"; };
		B1F1A58725DC0D0000A745D2 /* c2-13.c */ = {isa = PBXFileReference; lastKnownFileType = sourcecode.c.c; path = "c2-13.c"; sourceTree = "<group>"; };
		B1F1A58A25DD591D00A745D2 /* c2-q13.c */ = {isa = PBXFileReference; lastKnownFileType = sourcecode.c.c; path = "c2-q13.c"; sourceTree = "<group>"; };
		B1F1A59025DEBEFA00A745D2 /* c3-1.c */ = {isa = PBXFileReference; lastKnownFileType = sourcecode.c.c; path = "c3-1.c"; sourceTree = "<group>"; };
		B1F61F1625C692060065BFDD /* ddara */ = {isa = PBXFileReference; explicitFileType = "compiled.mach-o.executable"; includeInIndex = 0; path = ddara; sourceTree = BUILT_PRODUCTS_DIR; };
		B1F61F1925C692060065BFDD /* main.c */ = {isa = PBXFileReference; lastKnownFileType = sourcecode.c.c; path = main.c; sourceTree = "<group>"; };
/* End PBXFileReference section */

/* Begin PBXFrameworksBuildPhase section */
		B1F61F1325C692060065BFDD /* Frameworks */ = {
			isa = PBXFrameworksBuildPhase;
			buildActionMask = 2147483647;
			files = (
			);
			runOnlyForDeploymentPostprocessing = 0;
		};
/* End PBXFrameworksBuildPhase section */

/* Begin PBXGroup section */
		B1F61F0D25C692060065BFDD = {
			isa = PBXGroup;
			children = (
				B1F61F1825C692060065BFDD /* ddara */,
				B1F61F1725C692060065BFDD /* Products */,
			);
			sourceTree = "<group>";
		};
		B1F61F1725C692060065BFDD /* Products */ = {
			isa = PBXGroup;
			children = (
				B1F61F1625C692060065BFDD /* ddara */,
			);
			name = Products;
			sourceTree = "<group>";
		};
		B1F61F1825C692060065BFDD /* ddara */ = {
			isa = PBXGroup;
			children = (
				B1F61F1925C692060065BFDD /* main.c */,
				B1DCA1CA25C8246E00090214 /* asd1.c */,
				B16D2FE125D15B790002A4A0 /* c2-1.c */,
				B16D2FE525D7EB2D0002A4A0 /* c2-5.c */,
				B16D2FE825D7F0790002A4A0 /* c2-7.c */,
				B16D2FEB25D7F7D40002A4A0 /* c2-8.c */,
				B16D2FEE25D7FC8D0002A4A0 /* c2-q1.c */,
				B1F1A57525DAAAE400A745D2 /* c2-q8.c */,
				B1F1A57825DAB98E00A745D2 /* c2-q9.c */,
				B1F1A57B25DABE9700A745D2 /* c2-q10.c */,
				B1F1A57E25DBF6FF00A745D2 /* c2-9.c */,
				B1F1A58125DC02AC00A745D2 /* c2-11.c */,
				B1F1A58425DC080E00A745D2 /* c2-12.c */,
				B1F1A58725DC0D0000A745D2 /* c2-13.c */,
				B1F1A58A25DD591D00A745D2 /* c2-q13.c */,
				B1F1A59025DEBEFA00A745D2 /* c3-1.c */,
			);
			path = ddara;
			sourceTree = "<group>";
		};
/* End PBXGroup section */

/* Begin PBXNativeTarget section */
		B1F61F1525C692060065BFDD /* ddara */ = {
			isa = PBXNativeTarget;
			buildConfigurationList = B1F61F1D25C692060065BFDD /* Build configuration list for PBXNativeTarget "ddara" */;
			buildPhases = (
				B1F61F1225C692060065BFDD /* Sources */,
				B1F61F1325C692060065BFDD /* Frameworks */,
				B1F61F1425C692060065BFDD /* CopyFiles */,
			);
			buildRules = (
			);
			dependencies = (
			);
			name = ddara;
			productName = ddara;
			productReference = B1F61F1625C692060065BFDD /* ddara */;
			productType = "com.apple.product-type.tool";
		};
/* End PBXNativeTarget section */

/* Begin PBXProject section */
		B1F61F0E25C692060065BFDD /* Project object */ = {
			isa = PBXProject;
			attributes = {
				LastUpgradeCheck = 1240;
				TargetAttributes = {
					B1F61F1525C692060065BFDD = {
						CreatedOnToolsVersion = 12.4;
					};
				};
			};
			buildConfigurationList = B1F61F1125C692060065BFDD /* Build configuration list for PBXProject "ddara" */;
			compatibilityVersion = "Xcode 9.3";
			developmentRegion = en;
			hasScannedForEncodings = 0;
			knownRegions = (
				en,
				Base,
			);
			mainGroup = B1F61F0D25C692060065BFDD;
			productRefGroup = B1F61F1725C692060065BFDD /* Products */;
			projectDirPath = "";
			projectRoot = "";
			targets = (
				B1F61F1525C692060065BFDD /* ddara */,
			);
		};
/* End PBXProject section */

/* Begin PBXSourcesBuildPhase section */
		B1F61F1225C692060065BFDD /* Sources */ = {
			isa = PBXSourcesBuildPhase;
			buildActionMask = 2147483647;
			files = (
				B1F1A58225DC02AC00A745D2 /* c2-11.c in Sources */,
				B16D2FE925D7F0790002A4A0 /* c2-7.c in Sources */,
				B1DCA1CB25C8246E00090214 /* asd1.c in Sources */,
				B16D2FE225D15B790002A4A0 /* c2-1.c in Sources */,
				B1F1A57C25DABE9700A745D2 /* c2-q10.c in Sources */,
				B1F1A57925DAB98E00A745D2 /* c2-q9.c in Sources */,
				B1F1A57625DAAAE400A745D2 /* c2-q8.c in Sources */,
				B1F1A58525DC080E00A745D2 /* c2-12.c in Sources */,
				B16D2FEC25D7F7D40002A4A0 /* c2-8.c in Sources */,
				B1F1A57F25DBF6FF00A745D2 /* c2-9.c in Sources */,
				B16D2FE625D7EB2D0002A4A0 /* c2-5.c in Sources */,
				B1F1A59125DEBEFA00A745D2 /* c3-1.c in Sources */,
				B1F61F1A25C692060065BFDD /* main.c in Sources */,
				B1F1A58B25DD591D00A745D2 /* c2-q13.c in Sources */,
				B1F1A58825DC0D0000A745D2 /* c2-13.c in Sources */,
				B16D2FEF25D7FC8D0002A4A0 /* c2-q1.c in Sources */,
			);
			runOnlyForDeploymentPostprocessing = 0;
		};
/* End PBXSourcesBuildPhase section */

/* Begin XCBuildConfiguration section */
		B1F61F1B25C692060065BFDD /* Debug */ = {
			isa = XCBuildConfiguration;
			buildSettings = {
				ALWAYS_SEARCH_USER_PATHS = NO;
				CLANG_ANALYZER_NONNULL = YES;
				CLANG_ANALYZER_NUMBER_OBJECT_CONVERSION = YES_AGGRESSIVE;
				CLANG_CXX_LANGUAGE_STANDARD = "gnu++14";
				CLANG_CXX_LIBRARY = "libc++";
				CLANG_ENABLE_MODULES = YES;
				CLANG_ENABLE_OBJC_ARC = YES;
				CLANG_ENABLE_OBJC_WEAK = YES;
				CLANG_WARN_BLOCK_CAPTURE_AUTORELEASING = YES;
				CLANG_WARN_BOOL_CONVERSION = YES;
				CLANG_WARN_COMMA = YES;
				CLANG_WARN_CONSTANT_CONVERSION = YES;
				CLANG_WARN_DEPRECATED_OBJC_IMPLEMENTATIONS = YES;
				CLANG_WARN_DIRECT_OBJC_ISA_USAGE = YES_ERROR;
				CLANG_WARN_DOCUMENTATION_COMMENTS = YES;
				CLANG_WARN_EMPTY_BODY = YES;
				CLANG_WARN_ENUM_CONVERSION = YES;
				CLANG_WARN_INFINITE_RECURSION = YES;
				CLANG_WARN_INT_CONVERSION = YES;
				CLANG_WARN_NON_LITERAL_NULL_CONVERSION = YES;
				CLANG_WARN_OBJC_IMPLICIT_RETAIN_SELF = YES;
				CLANG_WARN_OBJC_LITERAL_CONVERSION = YES;
				CLANG_WARN_OBJC_ROOT_CLASS = YES_ERROR;
				CLANG_WARN_QUOTED_INCLUDE_IN_FRAMEWORK_HEADER = YES;
				CLANG_WARN_RANGE_LOOP_ANALYSIS = YES;
				CLANG_WARN_STRICT_PROTOTYPES = YES;
				CLANG_WARN_SUSPICIOUS_MOVE = YES;
				CLANG_WARN_UNGUARDED_AVAILABILITY = YES_AGGRESSIVE;
				CLANG_WARN_UNREACHABLE_CODE = YES;
				CLANG_WARN__DUPLICATE_METHOD_MATCH = YES;
				COPY_PHASE_STRIP = NO;
				DEBUG_INFORMATION_FORMAT = dwarf;
				ENABLE_STRICT_OBJC_MSGSEND = YES;
				ENABLE_TESTABILITY = YES;
				GCC_C_LANGUAGE_STANDARD = gnu11;
				GCC_DYNAMIC_NO_PIC = NO;
				GCC_NO_COMMON_BLOCKS = YES;
				GCC_OPTIMIZATION_LEVEL = 0;
				GCC_PREPROCESSOR_DEFINITIONS = (
					"DEBUG=1",
					"$(inherited)",
				);
				GCC_WARN_64_TO_32_BIT_CONVERSION = YES;
				GCC_WARN_ABOUT_RETURN_TYPE = YES_ERROR;
				GCC_WARN_UNDECLARED_SELECTOR = YES;
				GCC_WARN_UNINITIALIZED_AUTOS = YES_AGGRESSIVE;
				GCC_WARN_UNUSED_FUNCTION = YES;
				GCC_WARN_UNUSED_VARIABLE = YES;
				MACOSX_DEPLOYMENT_TARGET = 11.1;
				MTL_ENABLE_DEBUG_INFO = INCLUDE_SOURCE;
				MTL_FAST_MATH = YES;
				ONLY_ACTIVE_ARCH = YES;
				SDKROOT = macosx;
			};
			name = Debug;
		};
		B1F61F1C25C692060065BFDD /* Release */ = {
			isa = XCBuildConfiguration;
			buildSettings = {
				ALWAYS_SEARCH_USER_PATHS = NO;
				CLANG_ANALYZER_NONNULL = YES;
				CLANG_ANALYZER_NUMBER_OBJECT_CONVERSION = YES_AGGRESSIVE;
				CLANG_CXX_LANGUAGE_STANDARD = "gnu++14";
				CLANG_CXX_LIBRARY = "libc++";
				CLANG_ENABLE_MODULES = YES;
				CLANG_ENABLE_OBJC_ARC = YES;
				CLANG_ENABLE_OBJC_WEAK = YES;
				CLANG_WARN_BLOCK_CAPTURE_AUTORELEASING = YES;
				CLANG_WARN_BOOL_CONVERSION = YES;
				CLANG_WARN_COMMA = YES;
				CLANG_WARN_CONSTANT_CONVERSION = YES;
				CLANG_WARN_DEPRECATED_OBJC_IMPLEMENTATIONS = YES;
				CLANG_WARN_DIRECT_OBJC_ISA_USAGE = YES_ERROR;
				CLANG_WARN_DOCUMENTATION_COMMENTS = YES;
				CLANG_WARN_EMPTY_BODY = YES;
				CLANG_WARN_ENUM_CONVERSION = YES;
				CLANG_WARN_INFINITE_RECURSION = YES;
				CLANG_WARN_INT_CONVERSION = YES;
				CLANG_WARN_NON_LITERAL_NULL_CONVERSION = YES;
				CLANG_WARN_OBJC_IMPLICIT_RETAIN_SELF = YES;
				CLANG_WARN_OBJC_LITERAL_CONVERSION = YES;
				CLANG_WARN_OBJC_ROOT_CLASS = YES_ERROR;
				CLANG_WARN_QUOTED_INCLUDE_IN_FRAMEWORK_HEADER = YES;
				CLANG_WARN_RANGE_LOOP_ANALYSIS = YES;
				CLANG_WARN_STRICT_PROTOTYPES = YES;
				CLANG_WARN_SUSPICIOUS_MOVE = YES;
				CLANG_WARN_UNGUARDED_AVAILABILITY = YES_AGGRESSIVE;
				CLANG_WARN_UNREACHABLE_CODE = YES;
				CLANG_WARN__DUPLICATE_METHOD_MATCH = YES;
				COPY_PHASE_STRIP = NO;
				DEBUG_INFORMATION_FORMAT = "dwarf-with-dsym";
				ENABLE_NS_ASSERTIONS = NO;
				ENABLE_STRICT_OBJC_MSGSEND = YES;
				GCC_C_LANGUAGE_STANDARD = gnu11;
				GCC_NO_COMMON_BLOCKS = YES;
				GCC_WARN_64_TO_32_BIT_CONVERSION = YES;
				GCC_WARN_ABOUT_RETURN_TYPE = YES_ERROR;
				GCC_WARN_UNDECLARED_SELECTOR = YES;
				GCC_WARN_UNINITIALIZED_AUTOS = YES_AGGRESSIVE;
				GCC_WARN_UNUSED_FUNCTION = YES;
				GCC_WARN_UNUSED_VARIABLE = YES;
				MACOSX_DEPLOYMENT_TARGET = 11.1;
				MTL_ENABLE_DEBUG_INFO = NO;
				MTL_FAST_MATH = YES;
				SDKROOT = macosx;
			};
			name = Release;
		};
		B1F61F1E25C692060065BFDD /* Debug */ = {
			isa = XCBuildConfiguration;
			buildSettings = {
				CODE_SIGN_STYLE = Automatic;
				PRODUCT_NAME = "$(TARGET_NAME)";
			};
			name = Debug;
		};
		B1F61F1F25C692060065BFDD /* Release */ = {
			isa = XCBuildConfiguration;
			buildSettings = {
				CODE_SIGN_STYLE = Automatic;
				PRODUCT_NAME = "$(TARGET_NAME)";
			};
			name = Release;
		};
/* End XCBuildConfiguration section */

/* Begin XCConfigurationList section */
		B1F61F1125C692060065BFDD /* Build configuration list for PBXProject "ddara" */ = {
			isa = XCConfigurationList;
			buildConfigurations = (
				B1F61F1B25C692060065BFDD /* Debug */,
				B1F61F1C25C692060065BFDD /* Release */,
			);
			defaultConfigurationIsVisible = 0;
			defaultConfigurationName = Release;
		};
		B1F61F1D25C692060065BFDD /* Build configuration list for PBXNativeTarget "ddara" */ = {
			isa = XCConfigurationList;
			buildConfigurations = (
				B1F61F1E25C692060065BFDD /* Debug */,
				B1F61F1F25C692060065BFDD /* Release */,
			);
			defaultConfigurationIsVisible = 0;
			defaultConfigurationName = Release;
		};
/* End XCConfigurationList section */
	};
	rootObject = B1F61F0E25C692060065BFDD /* Project object */;
}
